
Microsoft Visual Studio Solution File, Format Version 12.00
# Visual Studio 14
VisualStudioVersion = 14.0.25420.1
MinimumVisualStudioVersion = 10.0.40219.1
Project("{2150E333-8FDC-42A3-9474-1A3956D46DE8}") = "Solution Items", "Solution Items", "{E75B537C-65C7-46B8-AD26-0154E6099D0C}"
	ProjectSection(SolutionItems) = preProject
		client.xml = client.xml
		common.h = common.h
	EndProjectSection
EndProject
Project("{8BC9CEB8-8B4A-11D0-8D11-00A0C91BC942}") = "ConfigMgr", "ConfigMgr\ConfigMgr.vcxproj", "{AE353517-C9AD-46A5-9D6D-E4647A635BC3}"
	ProjectSection(ProjectDependencies) = postProject
		{72AFD829-9419-401D-9B8D-CEACC96B7C70} = {72AFD829-9419-401D-9B8D-CEACC96B7C70}
		{9823F2E7-7FB7-48E3-AD58-532C88BC1AAB} = {9823F2E7-7FB7-48E3-AD58-532C88BC1AAB}
	EndProjectSection
EndProject
Project("{8BC9CEB8-8B4A-11D0-8D11-00A0C91BC942}") = "Utils", "Utils\Utils.vcxproj", "{72AFD829-9419-401D-9B8D-CEACC96B7C70}"
EndProject
Project("{8BC9CEB8-8B4A-11D0-8D11-00A0C91BC942}") = "BaseObj", "BaseObj\BaseObj.vcxproj", "{9823F2E7-7FB7-48E3-AD58-532C88BC1AAB}"
	ProjectSection(ProjectDependencies) = postProject
		{72AFD829-9419-401D-9B8D-CEACC96B7C70} = {72AFD829-9419-401D-9B8D-CEACC96B7C70}
	EndProjectSection
EndProject
Project("{8BC9CEB8-8B4A-11D0-8D11-00A0C91BC942}") = "DataMgr", "DataMgr\DataMgr.vcxproj", "{C6AC62F7-6DD0-4992-AC60-80A113B0197F}"
	ProjectSection(ProjectDependencies) = postProject
		{AE353517-C9AD-46A5-9D6D-E4647A635BC3} = {AE353517-C9AD-46A5-9D6D-E4647A635BC3}
		{638D7356-E638-449C-B196-ED78A7766D86} = {638D7356-E638-449C-B196-ED78A7766D86}
		{9823F2E7-7FB7-48E3-AD58-532C88BC1AAB} = {9823F2E7-7FB7-48E3-AD58-532C88BC1AAB}
	EndProjectSection
EndProject
Project("{8BC9CEB8-8B4A-11D0-8D11-00A0C91BC942}") = "OraOci", "OraOci\OraOci.vcxproj", "{638D7356-E638-449C-B196-ED78A7766D86}"
	ProjectSection(ProjectDependencies) = postProject
		{AE353517-C9AD-46A5-9D6D-E4647A635BC3} = {AE353517-C9AD-46A5-9D6D-E4647A635BC3}
		{9823F2E7-7FB7-48E3-AD58-532C88BC1AAB} = {9823F2E7-7FB7-48E3-AD58-532C88BC1AAB}
	EndProjectSection
EndProject
Project("{8BC9CEB8-8B4A-11D0-8D11-00A0C91BC942}") = "Forecaster", "Forecaster\Forecaster.vcxproj", "{48D3AE88-9883-42C2-BF97-679F8F8D7477}"
	ProjectSection(ProjectDependencies) = postProject
		{AE353517-C9AD-46A5-9D6D-E4647A635BC3} = {AE353517-C9AD-46A5-9D6D-E4647A635BC3}
		{A7900A25-FC99-4D99-A79D-6ADA41D8C91A} = {A7900A25-FC99-4D99-A79D-6ADA41D8C91A}
		{2FA796DB-3BDD-4EBB-8CE1-8E165395264A} = {2FA796DB-3BDD-4EBB-8CE1-8E165395264A}
		{9823F2E7-7FB7-48E3-AD58-532C88BC1AAB} = {9823F2E7-7FB7-48E3-AD58-532C88BC1AAB}
		{C6AC62F7-6DD0-4992-AC60-80A113B0197F} = {C6AC62F7-6DD0-4992-AC60-80A113B0197F}
	EndProjectSection
EndProject
Project("{8BC9CEB8-8B4A-11D0-8D11-00A0C91BC942}") = "Logger", "Logger\Logger.vcxproj", "{2FA796DB-3BDD-4EBB-8CE1-8E165395264A}"
	ProjectSection(ProjectDependencies) = postProject
		{AE353517-C9AD-46A5-9D6D-E4647A635BC3} = {AE353517-C9AD-46A5-9D6D-E4647A635BC3}
		{638D7356-E638-449C-B196-ED78A7766D86} = {638D7356-E638-449C-B196-ED78A7766D86}
		{9823F2E7-7FB7-48E3-AD58-532C88BC1AAB} = {9823F2E7-7FB7-48E3-AD58-532C88BC1AAB}
	EndProjectSection
EndProject
Project("{8BC9CEB8-8B4A-11D0-8D11-00A0C91BC942}") = "EngineMgr", "EngineMgr\EngineMgr.vcxproj", "{A7900A25-FC99-4D99-A79D-6ADA41D8C91A}"
	ProjectSection(ProjectDependencies) = postProject
		{AE353517-C9AD-46A5-9D6D-E4647A635BC3} = {AE353517-C9AD-46A5-9D6D-E4647A635BC3}
		{EDE1D4BF-A838-40B5-B022-FF99CA0A93E2} = {EDE1D4BF-A838-40B5-B022-FF99CA0A93E2}
		{9823F2E7-7FB7-48E3-AD58-532C88BC1AAB} = {9823F2E7-7FB7-48E3-AD58-532C88BC1AAB}
		{C6AC62F7-6DD0-4992-AC60-80A113B0197F} = {C6AC62F7-6DD0-4992-AC60-80A113B0197F}
	EndProjectSection
EndProject
Project("{8BC9CEB8-8B4A-11D0-8D11-00A0C91BC942}") = "Algebra", "Algebra\Algebra.vcxproj", "{EDE1D4BF-A838-40B5-B022-FF99CA0A93E2}"
	ProjectSection(ProjectDependencies) = postProject
		{9823F2E7-7FB7-48E3-AD58-532C88BC1AAB} = {9823F2E7-7FB7-48E3-AD58-532C88BC1AAB}
	EndProjectSection
EndProject
Project("{8BC9CEB8-8B4A-11D0-8D11-00A0C91BC942}") = "Client", "Client\Client.vcxproj", "{C4F308B5-0028-4EAB-BE66-92FD2D6AB82E}"
	ProjectSection(ProjectDependencies) = postProject
		{48D3AE88-9883-42C2-BF97-679F8F8D7477} = {48D3AE88-9883-42C2-BF97-679F8F8D7477}
	EndProjectSection
EndProject
Global
	GlobalSection(SolutionConfigurationPlatforms) = preSolution
		Debug|x64 = Debug|x64
		Debug|x86 = Debug|x86
		Release|x64 = Release|x64
		Release|x86 = Release|x86
	EndGlobalSection
	GlobalSection(ProjectConfigurationPlatforms) = postSolution
		{AE353517-C9AD-46A5-9D6D-E4647A635BC3}.Debug|x64.ActiveCfg = Debug|x64
		{AE353517-C9AD-46A5-9D6D-E4647A635BC3}.Debug|x64.Build.0 = Debug|x64
		{AE353517-C9AD-46A5-9D6D-E4647A635BC3}.Debug|x86.ActiveCfg = Debug|Win32
		{AE353517-C9AD-46A5-9D6D-E4647A635BC3}.Debug|x86.Build.0 = Debug|Win32
		{AE353517-C9AD-46A5-9D6D-E4647A635BC3}.Release|x64.ActiveCfg = Release|x64
		{AE353517-C9AD-46A5-9D6D-E4647A635BC3}.Release|x64.Build.0 = Release|x64
		{AE353517-C9AD-46A5-9D6D-E4647A635BC3}.Release|x86.ActiveCfg = Release|Win32
		{AE353517-C9AD-46A5-9D6D-E4647A635BC3}.Release|x86.Build.0 = Release|Win32
		{72AFD829-9419-401D-9B8D-CEACC96B7C70}.Debug|x64.ActiveCfg = Debug|x64
		{72AFD829-9419-401D-9B8D-CEACC96B7C70}.Debug|x64.Build.0 = Debug|x64
		{72AFD829-9419-401D-9B8D-CEACC96B7C70}.Debug|x86.ActiveCfg = Debug|Win32
		{72AFD829-9419-401D-9B8D-CEACC96B7C70}.Debug|x86.Build.0 = Debug|Win32
		{72AFD829-9419-401D-9B8D-CEACC96B7C70}.Release|x64.ActiveCfg = Release|x64
		{72AFD829-9419-401D-9B8D-CEACC96B7C70}.Release|x64.Build.0 = Release|x64
		{72AFD829-9419-401D-9B8D-CEACC96B7C70}.Release|x86.ActiveCfg = Release|Win32
		{72AFD829-9419-401D-9B8D-CEACC96B7C70}.Release|x86.Build.0 = Release|Win32
		{9823F2E7-7FB7-48E3-AD58-532C88BC1AAB}.Debug|x64.ActiveCfg = Debug|x64
		{9823F2E7-7FB7-48E3-AD58-532C88BC1AAB}.Debug|x64.Build.0 = Debug|x64
		{9823F2E7-7FB7-48E3-AD58-532C88BC1AAB}.Debug|x86.ActiveCfg = Debug|Win32
		{9823F2E7-7FB7-48E3-AD58-532C88BC1AAB}.Debug|x86.Build.0 = Debug|Win32
		{9823F2E7-7FB7-48E3-AD58-532C88BC1AAB}.Release|x64.ActiveCfg = Release|x64
		{9823F2E7-7FB7-48E3-AD58-532C88BC1AAB}.Release|x64.Build.0 = Release|x64
		{9823F2E7-7FB7-48E3-AD58-532C88BC1AAB}.Release|x86.ActiveCfg = Release|Win32
		{9823F2E7-7FB7-48E3-AD58-532C88BC1AAB}.Release|x86.Build.0 = Release|Win32
		{C6AC62F7-6DD0-4992-AC60-80A113B0197F}.Debug|x64.ActiveCfg = Debug|x64
		{C6AC62F7-6DD0-4992-AC60-80A113B0197F}.Debug|x64.Build.0 = Debug|x64
		{C6AC62F7-6DD0-4992-AC60-80A113B0197F}.Debug|x86.ActiveCfg = Debug|Win32
		{C6AC62F7-6DD0-4992-AC60-80A113B0197F}.Debug|x86.Build.0 = Debug|Win32
		{C6AC62F7-6DD0-4992-AC60-80A113B0197F}.Release|x64.ActiveCfg = Release|x64
		{C6AC62F7-6DD0-4992-AC60-80A113B0197F}.Release|x64.Build.0 = Release|x64
		{C6AC62F7-6DD0-4992-AC60-80A113B0197F}.Release|x86.ActiveCfg = Release|Win32
		{C6AC62F7-6DD0-4992-AC60-80A113B0197F}.Release|x86.Build.0 = Release|Win32
		{638D7356-E638-449C-B196-ED78A7766D86}.Debug|x64.ActiveCfg = Debug|x64
		{638D7356-E638-449C-B196-ED78A7766D86}.Debug|x64.Build.0 = Debug|x64
		{638D7356-E638-449C-B196-ED78A7766D86}.Debug|x86.ActiveCfg = Debug|Win32
		{638D7356-E638-449C-B196-ED78A7766D86}.Debug|x86.Build.0 = Debug|Win32
		{638D7356-E638-449C-B196-ED78A7766D86}.Release|x64.ActiveCfg = Release|x64
		{638D7356-E638-449C-B196-ED78A7766D86}.Release|x64.Build.0 = Release|x64
		{638D7356-E638-449C-B196-ED78A7766D86}.Release|x86.ActiveCfg = Release|Win32
		{638D7356-E638-449C-B196-ED78A7766D86}.Release|x86.Build.0 = Release|Win32
		{48D3AE88-9883-42C2-BF97-679F8F8D7477}.Debug|x64.ActiveCfg = Debug|x64
		{48D3AE88-9883-42C2-BF97-679F8F8D7477}.Debug|x64.Build.0 = Debug|x64
		{48D3AE88-9883-42C2-BF97-679F8F8D7477}.Debug|x86.ActiveCfg = Debug|Win32
		{48D3AE88-9883-42C2-BF97-679F8F8D7477}.Debug|x86.Build.0 = Debug|Win32
		{48D3AE88-9883-42C2-BF97-679F8F8D7477}.Release|x64.ActiveCfg = Release|x64
		{48D3AE88-9883-42C2-BF97-679F8F8D7477}.Release|x64.Build.0 = Release|x64
		{48D3AE88-9883-42C2-BF97-679F8F8D7477}.Release|x86.ActiveCfg = Release|Win32
		{48D3AE88-9883-42C2-BF97-679F8F8D7477}.Release|x86.Build.0 = Release|Win32
		{2FA796DB-3BDD-4EBB-8CE1-8E165395264A}.Debug|x64.ActiveCfg = Debug|x64
		{2FA796DB-3BDD-4EBB-8CE1-8E165395264A}.Debug|x64.Build.0 = Debug|x64
		{2FA796DB-3BDD-4EBB-8CE1-8E165395264A}.Debug|x86.ActiveCfg = Debug|Win32
		{2FA796DB-3BDD-4EBB-8CE1-8E165395264A}.Debug|x86.Build.0 = Debug|Win32
		{2FA796DB-3BDD-4EBB-8CE1-8E165395264A}.Release|x64.ActiveCfg = Release|x64
		{2FA796DB-3BDD-4EBB-8CE1-8E165395264A}.Release|x64.Build.0 = Release|x64
		{2FA796DB-3BDD-4EBB-8CE1-8E165395264A}.Release|x86.ActiveCfg = Release|Win32
		{2FA796DB-3BDD-4EBB-8CE1-8E165395264A}.Release|x86.Build.0 = Release|Win32
		{A7900A25-FC99-4D99-A79D-6ADA41D8C91A}.Debug|x64.ActiveCfg = Debug|x64
		{A7900A25-FC99-4D99-A79D-6ADA41D8C91A}.Debug|x64.Build.0 = Debug|x64
		{A7900A25-FC99-4D99-A79D-6ADA41D8C91A}.Debug|x86.ActiveCfg = Debug|Win32
		{A7900A25-FC99-4D99-A79D-6ADA41D8C91A}.Debug|x86.Build.0 = Debug|Win32
		{A7900A25-FC99-4D99-A79D-6ADA41D8C91A}.Release|x64.ActiveCfg = Release|x64
		{A7900A25-FC99-4D99-A79D-6ADA41D8C91A}.Release|x64.Build.0 = Release|x64
		{A7900A25-FC99-4D99-A79D-6ADA41D8C91A}.Release|x86.ActiveCfg = Release|Win32
		{A7900A25-FC99-4D99-A79D-6ADA41D8C91A}.Release|x86.Build.0 = Release|Win32
		{EDE1D4BF-A838-40B5-B022-FF99CA0A93E2}.Debug|x64.ActiveCfg = Debug|x64
		{EDE1D4BF-A838-40B5-B022-FF99CA0A93E2}.Debug|x64.Build.0 = Debug|x64
		{EDE1D4BF-A838-40B5-B022-FF99CA0A93E2}.Debug|x86.ActiveCfg = Debug|Win32
		{EDE1D4BF-A838-40B5-B022-FF99CA0A93E2}.Debug|x86.Build.0 = Debug|Win32
		{EDE1D4BF-A838-40B5-B022-FF99CA0A93E2}.Release|x64.ActiveCfg = Release|x64
		{EDE1D4BF-A838-40B5-B022-FF99CA0A93E2}.Release|x64.Build.0 = Release|x64
		{EDE1D4BF-A838-40B5-B022-FF99CA0A93E2}.Release|x86.ActiveCfg = Release|Win32
		{EDE1D4BF-A838-40B5-B022-FF99CA0A93E2}.Release|x86.Build.0 = Release|Win32
		{C4F308B5-0028-4EAB-BE66-92FD2D6AB82E}.Debug|x64.ActiveCfg = Debug|x64
		{C4F308B5-0028-4EAB-BE66-92FD2D6AB82E}.Debug|x64.Build.0 = Debug|x64
		{C4F308B5-0028-4EAB-BE66-92FD2D6AB82E}.Debug|x86.ActiveCfg = Debug|Win32
		{C4F308B5-0028-4EAB-BE66-92FD2D6AB82E}.Debug|x86.Build.0 = Debug|Win32
		{C4F308B5-0028-4EAB-BE66-92FD2D6AB82E}.Release|x64.ActiveCfg = Release|x64
		{C4F308B5-0028-4EAB-BE66-92FD2D6AB82E}.Release|x64.Build.0 = Release|x64
		{C4F308B5-0028-4EAB-BE66-92FD2D6AB82E}.Release|x86.ActiveCfg = Release|Win32
		{C4F308B5-0028-4EAB-BE66-92FD2D6AB82E}.Release|x86.Build.0 = Release|Win32
	EndGlobalSection
	GlobalSection(SolutionProperties) = preSolution
		HideSolutionNode = FALSE
	EndGlobalSection
EndGlobal
