<?xml version="1.0" encoding="utf-8"?>
<Project ToolsVersion="4.0" xmlns="http://schemas.microsoft.com/developer/msbuild/2003">
  <ItemGroup>
    <Filter Include="Source Files">
      <UniqueIdentifier>{4FC737F1-C7A5-4376-A066-2A32D752A2FF}</UniqueIdentifier>
      <Extensions>cpp;c;cc;cxx;def;odl;idl;hpj;bat;asm;asmx</Extensions>
    </Filter>
    <Filter Include="Header Files">
      <UniqueIdentifier>{93995380-89BD-4b04-88EB-625FBE52EBFB}</UniqueIdentifier>
      <Extensions>h;hh;hpp;hxx;hm;inl;inc;xsd</Extensions>
    </Filter>
    <Filter Include="Resource Files">
      <UniqueIdentifier>{67DA6AB6-F800-4c08-8B7A-83BB121AAD01}</UniqueIdentifier>
      <Extensions>rc;ico;cur;bmp;dlg;rc2;rct;bin;rgs;gif;jpg;jpeg;jpe;resx;tiff;tif;png;wav;mfcribbon-ms</Extensions>
    </Filter>
  </ItemGroup>
  <ItemGroup>
    <ClCompile Include="sDataSet.cpp">
      <Filter>Source Files</Filter>
    </ClCompile>
    <ClCompile Include="sDataSource.cpp">
      <Filter>Source Files</Filter>
    </ClCompile>
    <ClCompile Include="sDataShape.cpp">
      <Filter>Source Files</Filter>
    </ClCompile>
    <ClCompile Include="sTimeSerie.cpp">
      <Filter>Source Files</Filter>
    </ClCompile>
    <ClCompile Include="sFXDataSource.cpp">
      <Filter>Source Files</Filter>
    </ClCompile>
    <ClCompile Include="sMT4DataSource.cpp">
      <Filter>Source Files</Filter>
    </ClCompile>
    <ClCompile Include="sGenericDataSource.cpp">
      <Filter>Source Files</Filter>
    </ClCompile>
  </ItemGroup>
  <ItemGroup>
    <ClInclude Include="DataSource_enums.h">
      <Filter>Header Files</Filter>
    </ClInclude>
    <ClInclude Include="DBConnection_enums.h">
      <Filter>Header Files</Filter>
    </ClInclude>
    <ClInclude Include="FileData_enums.h">
      <Filter>Header Files</Filter>
    </ClInclude>
    <ClInclude Include="FXData_enums.h">
      <Filter>Header Files</Filter>
    </ClInclude>
    <ClInclude Include="sDataSet.h">
      <Filter>Header Files</Filter>
    </ClInclude>
    <ClInclude Include="sDataShape.h">
      <Filter>Header Files</Filter>
    </ClInclude>
    <ClInclude Include="sDataSource.h">
      <Filter>Header Files</Filter>
    </ClInclude>
    <ClInclude Include="sTimeSerie.h">
      <Filter>Header Files</Filter>
    </ClInclude>
    <ClInclude Include="sFXDataSource.h">
      <Filter>Header Files</Filter>
    </ClInclude>
    <ClInclude Include="sMT4dataSource.h">
      <Filter>Header Files</Filter>
    </ClInclude>
    <ClInclude Include="sGenericDataSource.h">
      <Filter>Header Files</Filter>
    </ClInclude>
  </ItemGroup>
</Project>