<?xml version="1.0" encoding="utf-8"?>
<Project ToolsVersion="4.0" xmlns="http://schemas.microsoft.com/developer/msbuild/2003">
  <ItemGroup>
    <Filter Include="Source Files">
      <UniqueIdentifier>{4FC737F1-C7A5-4376-A066-2A32D752A2FF}</UniqueIdentifier>
      <Extensions>cpp;c;cc;cxx;def;odl;idl;hpj;bat;asm;asmx</Extensions>
    </Filter>
    <Filter Include="Header Files">
      <UniqueIdentifier>{93995380-89BD-4b04-88EB-625FBE52EBFB}</UniqueIdentifier>
      <Extensions>h;hh;hpp;hxx;hm;inl;inc;xsd</Extensions>
    </Filter>
    <Filter Include="Resource Files">
      <UniqueIdentifier>{67DA6AB6-F800-4c08-8B7A-83BB121AAD01}</UniqueIdentifier>
      <Extensions>rc;ico;cur;bmp;dlg;rc2;rct;bin;rgs;gif;jpg;jpeg;jpe;resx;tiff;tif;png;wav;mfcribbon-ms</Extensions>
    </Filter>
  </ItemGroup>
  <ItemGroup>
    <ClInclude Include="Engine_enums.h">
      <Filter>Header Files</Filter>
    </ClInclude>
    <ClInclude Include="Core_enums.h">
      <Filter>Header Files</Filter>
    </ClInclude>
    <ClInclude Include="sCore.h">
      <Filter>Header Files</Filter>
    </ClInclude>
    <ClInclude Include="sCoreLayout.h">
      <Filter>Header Files</Filter>
    </ClInclude>
    <ClInclude Include="sCoreParms.h">
      <Filter>Header Files</Filter>
    </ClInclude>
    <ClInclude Include="sNN.h">
      <Filter>Header Files</Filter>
    </ClInclude>
    <ClInclude Include="sGA.h">
      <Filter>Header Files</Filter>
    </ClInclude>
    <ClInclude Include="sSVM.h">
      <Filter>Header Files</Filter>
    </ClInclude>
    <ClInclude Include="sSOM.h">
      <Filter>Header Files</Filter>
    </ClInclude>
    <ClInclude Include="sNNparms.h">
      <Filter>Header Files</Filter>
    </ClInclude>
    <ClInclude Include="sGAparms.h">
      <Filter>Header Files</Filter>
    </ClInclude>
    <ClInclude Include="sNNenums.h">
      <Filter>Header Files</Filter>
    </ClInclude>
    <ClInclude Include="sSOMenums.h">
      <Filter>Header Files</Filter>
    </ClInclude>
    <ClInclude Include="sSVMenums.h">
      <Filter>Header Files</Filter>
    </ClInclude>
    <ClInclude Include="sGAenums.h">
      <Filter>Header Files</Filter>
    </ClInclude>
    <ClInclude Include="sSOMparms.h">
      <Filter>Header Files</Filter>
    </ClInclude>
    <ClInclude Include="sSVMparms.h">
      <Filter>Header Files</Filter>
    </ClInclude>
    <ClInclude Include="sEngine.h">
      <Filter>Header Files</Filter>
    </ClInclude>
  </ItemGroup>
  <ItemGroup>
    <ClCompile Include="sCore.cpp">
      <Filter>Source Files</Filter>
    </ClCompile>
    <ClCompile Include="sCoreLayout.cpp">
      <Filter>Source Files</Filter>
    </ClCompile>
    <ClCompile Include="sCoreParms.cpp">
      <Filter>Source Files</Filter>
    </ClCompile>
    <ClCompile Include="sNN.cpp">
      <Filter>Source Files</Filter>
    </ClCompile>
    <ClCompile Include="sNNparms.cpp">
      <Filter>Source Files</Filter>
    </ClCompile>
    <ClCompile Include="sGA.cpp">
      <Filter>Source Files</Filter>
    </ClCompile>
    <ClCompile Include="sSOM.cpp">
      <Filter>Source Files</Filter>
    </ClCompile>
    <ClCompile Include="sSVM.cpp">
      <Filter>Source Files</Filter>
    </ClCompile>
    <ClCompile Include="sGAparms.cpp">
      <Filter>Source Files</Filter>
    </ClCompile>
    <ClCompile Include="sSOMparms.cpp">
      <Filter>Source Files</Filter>
    </ClCompile>
    <ClCompile Include="sSVMparms.cpp">
      <Filter>Source Files</Filter>
    </ClCompile>
    <ClCompile Include="sEngine.cpp">
      <Filter>Source Files</Filter>
    </ClCompile>
  </ItemGroup>
</Project>